
Microsoft Visual Studio Solution File, Format Version 12.00
# Visual Studio Version 17
VisualStudioVersion = 17.8.34330.188
MinimumVisualStudioVersion = 10.0.40219.1
Project("{FAE04EC0-301F-11D3-BF4B-00C04F79EFBC}") = "snip-to-text", "snip-to-text\snip-to-text.csproj", "{A2C6E9B9-202C-45D5-A688-B7BF412888EA}"
EndProject
Global
	GlobalSection(SolutionConfigurationPlatforms) = preSolution
		Debug|Any CPU = Debug|Any CPU
		Release|Any CPU = Release|Any CPU
	EndGlobalSection
	GlobalSection(ProjectConfigurationPlatforms) = postSolution
		{A2C6E9B9-202C-45D5-A688-B7BF412888EA}.Debug|Any CPU.ActiveCfg = Debug|Any CPU
		{A2C6E9B9-202C-45D5-A688-B7BF412888EA}.Debug|Any CPU.Build.0 = Debug|Any CPU
		{A2C6E9B9-202C-45D5-A688-B7BF412888EA}.Release|Any CPU.ActiveCfg = Release|Any CPU
		{A2C6E9B9-202C-45D5-A688-B7BF412888EA}.Release|Any CPU.Build.0 = Release|Any CPU
	EndGlobalSection
	GlobalSection(SolutionProperties) = preSolution
		HideSolutionNode = FALSE
	EndGlobalSection
	GlobalSection(ExtensibilityGlobals) = postSolution
		SolutionGuid = {2E60185E-E730-4FC2-B01E-FB832A66F122}
	EndGlobalSection
EndGlobal
